// !$*UTF8*$!
{
	archiveVersion = 1;
	classes = {
	};
	objectVersion = 46;
	objects = {

/* Begin PBXBuildFile section */
		BEB0B2121C62F9D400564E05 /* AppDelegate.swift in Sources */ = {isa = PBXBuildFile; fileRef = BEB0B2111C62F9D400564E05 /* AppDelegate.swift */; };
		BEB0B2141C62F9D400564E05 /* ViewController.swift in Sources */ = {isa = PBXBuildFile; fileRef = BEB0B2131C62F9D400564E05 /* ViewController.swift */; };
		BEB0B2171C62F9D400564E05 /* Main.storyboard in Resources */ = {isa = PBXBuildFile; fileRef = BEB0B2151C62F9D400564E05 /* Main.storyboard */; };
		BEB0B2191C62F9D400564E05 /* Assets.xcassets in Resources */ = {isa = PBXBuildFile; fileRef = BEB0B2181C62F9D400564E05 /* Assets.xcassets */; };
		BEB0B21C1C62F9D400564E05 /* LaunchScreen.storyboard in Resources */ = {isa = PBXBuildFile; fileRef = BEB0B21A1C62F9D400564E05 /* LaunchScreen.storyboard */; };
/* End PBXBuildFile section */

/* Begin PBXFileReference section */
		BEB0B20E1C62F9D400564E05 /* iOS4Midterm.app */ = {isa = PBXFileReference; explicitFileType = wrapper.application; includeInIndex = 0; path = iOS4Midterm.app; sourceTree = BUILT_PRODUCTS_DIR; };
		BEB0B2111C62F9D400564E05 /* AppDelegate.swift */ = {isa = PBXFileReference; lastKnownFileType = sourcecode.swift; path = AppDelegate.swift; sourceTree = "<group>"; };
		BEB0B2131C62F9D400564E05 /* ViewController.swift */ = {isa = PBXFileReference; lastKnownFileType = sourcecode.swift; path = ViewController.swift; sourceTree = "<group>"; };
		BEB0B2161C62F9D400564E05 /* Base */ = {isa = PBXFileReference; lastKnownFileType = file.storyboard; name = Base; path = Base.lproj/Main.storyboard; sourceTree = "<group>"; };
		BEB0B2181C62F9D400564E05 /* Assets.xcassets */ = {isa = PBXFileReference; lastKnownFileType = folder.assetcatalog; path = Assets.xcassets; sourceTree = "<group>"; };
		BEB0B21B1C62F9D400564E05 /* Base */ = {isa = PBXFileReference; lastKnownFileType = file.storyboard; name = Base; path = Base.lproj/LaunchScreen.storyboard; sourceTree = "<group>"; };
		BEB0B21D1C62F9D400564E05 /* Info.plist */ = {isa = PBXFileReference; lastKnownFileType = text.plist.xml; path = Info.plist; sourceTree = "<group>"; };
/* End PBXFileReference section */

/* Begin PBXFrameworksBuildPhase section */
		BEB0B20B1C62F9D400564E05 /* Frameworks */ = {
			isa = PBXFrameworksBuildPhase;
			buildActionMask = 2147483647;
			files = (
			);
			runOnlyForDeploymentPostprocessing = 0;
		};
/* End PBXFrameworksBuildPhase section */

/* Begin PBXGroup section */
		BEB0B2051C62F9D400564E05 = {
			isa = PBXGroup;
			children = (
				BEB0B2101C62F9D400564E05 /* iOS4Midterm */,
				BEB0B20F1C62F9D400564E05 /* Products */,
			);
			sourceTree = "<group>";
		};
		BEB0B20F1C62F9D400564E05 /* Products */ = {
			isa = PBXGroup;
			children = (
				BEB0B20E1C62F9D400564E05 /* iOS4Midterm.app */,
			);
			name = Products;
			sourceTree = "<group>";
		};
		BEB0B2101C62F9D400564E05 /* iOS4Midterm */ = {
			isa = PBXGroup;
			children = (
				BEB0B2111C62F9D400564E05 /* AppDelegate.swift */,
				BEB0B2131C62F9D400564E05 /* ViewController.swift */,
				BEB0B2151C62F9D400564E05 /* Main.storyboard */,
				BEB0B2181C62F9D400564E05 /* Assets.xcassets */,
				BEB0B21A1C62F9D400564E05 /* LaunchScreen.storyboard */,
				BEB0B21D1C62F9D400564E05 /* Info.plist */,
			);
			path = iOS4Midterm;
			sourceTree = "<group>";
		};
/* End PBXGroup section */

/* Begin PBXNativeTarget section */
		BEB0B20D1C62F9D400564E05 /* iOS4Midterm */ = {
			isa = PBXNativeTarget;
			buildConfigurationList = BEB0B2201C62F9D400564E05 /* Build configuration list for PBXNativeTarget "iOS4Midterm" */;
			buildPhases = (
				BEB0B20A1C62F9D400564E05 /* Sources */,
				BEB0B20B1C62F9D400564E05 /* Frameworks */,
				BEB0B20C1C62F9D400564E05 /* Resources */,
			);
			buildRules = (
			);
			dependencies = (
			);
			name = iOS4Midterm;
			productName = iOS4Midterm;
			productReference = BEB0B20E1C62F9D400564E05 /* iOS4Midterm.app */;
			productType = "com.apple.product-type.application";
		};
/* End PBXNativeTarget section */

/* Begin PBXProject section */
		BEB0B2061C62F9D400564E05 /* Project object */ = {
			isa = PBXProject;
			attributes = {
				LastSwiftUpdateCheck = 0720;
				LastUpgradeCheck = 0720;
				ORGANIZATIONNAME = "James Nelson";
				TargetAttributes = {
					BEB0B20D1C62F9D400564E05 = {
						CreatedOnToolsVersion = 7.2;
					};
				};
			};
			buildConfigurationList = BEB0B2091C62F9D400564E05 /* Build configuration list for PBXProject "iOS4Midterm" */;
			compatibilityVersion = "Xcode 3.2";
			developmentRegion = English;
			hasScannedForEncodings = 0;
			knownRegions = (
				en,
				Base,
			);
			mainGroup = BEB0B2051C62F9D400564E05;
			productRefGroup = BEB0B20F1C62F9D400564E05 /* Products */;
			projectDirPath = "";
			projectRoot = "";
			targets = (
				BEB0B20D1C62F9D400564E05 /* iOS4Midterm */,
			);
		};
/* End PBXProject section */

/* Begin PBXResourcesBuildPhase section */
		BEB0B20C1C62F9D400564E05 /* Resources */ = {
			isa = PBXResourcesBuildPhase;
			buildActionMask = 2147483647;
			files = (
				BEB0B21C1C62F9D400564E05 /* LaunchScreen.storyboard in Resources */,
				BEB0B2191C62F9D400564E05 /* Assets.xcassets in Resources */,
				BEB0B2171C62F9D400564E05 /* Main.storyboard in Resources */,
			);
			runOnlyForDeploymentPostprocessing = 0;
		};
/* End PBXResourcesBuildPhase section */

/* Begin PBXSourcesBuildPhase section */
		BEB0B20A1C62F9D400564E05 /* Sources */ = {
			isa = PBXSourcesBuildPhase;
			buildActionMask = 2147483647;
			files = (
				BEB0B2141C62F9D400564E05 /* ViewController.swift in Sources */,
				BEB0B2121C62F9D400564E05 /* AppDelegate.swift in Sources */,
			);
			runOnlyForDeploymentPostprocessing = 0;
		};
/* End PBXSourcesBuildPhase section */

/* Begin PBXVariantGroup section */
		BEB0B2151C62F9D400564E05 /* Main.storyboard */ = {
			isa = PBXVariantGroup;
			children = (
				BEB0B2161C62F9D400564E05 /* Base */,
			);
			name = Main.storyboard;
			sourceTree = "<group>";
		};
		BEB0B21A1C62F9D400564E05 /* LaunchScreen.storyboard */ = {
			isa = PBXVariantGroup;
			children = (
				BEB0B21B1C62F9D400564E05 /* Base */,
			);
			name = LaunchScreen.storyboard;
			sourceTree = "<group>";
		};
/* End PBXVariantGroup section */

/* Begin XCBuildConfiguration section */
		BEB0B21E1C62F9D400564E05 /* Debug */ = {
			isa = XCBuildConfiguration;
			buildSettings = {
				ALWAYS_SEARCH_USER_PATHS = NO;
				CLANG_CXX_LANGUAGE_STANDARD = "gnu++0x";
				CLANG_CXX_LIBRARY = "libc++";
				CLANG_ENABLE_MODULES = YES;
				CLANG_ENABLE_OBJC_ARC = YES;
				CLANG_WARN_BOOL_CONVERSION = YES;
				CLANG_WARN_CONSTANT_CONVERSION = YES;
				CLANG_WARN_DIRECT_OBJC_ISA_USAGE = YES_ERROR;
				CLANG_WARN_EMPTY_BODY = YES;
				CLANG_WARN_ENUM_CONVERSION = YES;
				CLANG_WARN_INT_CONVERSION = YES;
				CLANG_WARN_OBJC_ROOT_CLASS = YES_ERROR;
				CLANG_WARN_UNREACHABLE_CODE = YES;
				CLANG_WARN__DUPLICATE_METHOD_MATCH = YES;
				"CODE_SIGN_IDENTITY[sdk=iphoneos*]" = "iPhone Developer";
				COPY_PHASE_STRIP = NO;
				DEBUG_INFORMATION_FORMAT = dwarf;
				ENABLE_STRICT_OBJC_MSGSEND = YES;
				ENABLE_TESTABILITY = YES;
				GCC_C_LANGUAGE_STANDARD = gnu99;
				GCC_DYNAMIC_NO_PIC = NO;
				GCC_NO_COMMON_BLOCKS = YES;
				GCC_OPTIMIZATION_LEVEL = 0;
				GCC_PREPROCESSOR_DEFINITIONS = (
					"DEBUG=1",
					"$(inherited)",
				);
				GCC_WARN_64_TO_32_BIT_CONVERSION = YES;
				GCC_WARN_ABOUT_RETURN_TYPE = YES_ERROR;
				GCC_WARN_UNDECLARED_SELECTOR = YES;
				GCC_WARN_UNINITIALIZED_AUTOS = YES_AGGRESSIVE;
				GCC_WARN_UNUSED_FUNCTION = YES;
				GCC_WARN_UNUSED_VARIABLE = YES;
				IPHONEOS_DEPLOYMENT_TARGET = 9.2;
				MTL_ENABLE_DEBUG_INFO = YES;
				ONLY_ACTIVE_ARCH = YES;
				SDKROOT = iphoneos;
				SWIFT_OPTIMIZATION_LEVEL = "-Onone";
			};
			name = Debug;
		};
		BEB0B21F1C62F9D400564E05 /* Release */ = {
			isa = XCBuildConfiguration;
			buildSettings = {
				ALWAYS_SEARCH_USER_PATHS = NO;
				CLANG_CXX_LANGUAGE_STANDARD = "gnu++0x";
				CLANG_CXX_LIBRARY = "libc++";
				CLANG_ENABLE_MODULES = YES;
				CLANG_ENABLE_OBJC_ARC = YES;
				CLANG_WARN_BOOL_CONVERSION = YES;
				CLANG_WARN_CONSTANT_CONVERSION = YES;
				CLANG_WARN_DIRECT_OBJC_ISA_USAGE = YES_ERROR;
				CLANG_WARN_EMPTY_BODY = YES;
				CLANG_WARN_ENUM_CONVERSION = YES;
				CLANG_WARN_INT_CONVERSION = YES;
				CLANG_WARN_OBJC_ROOT_CLASS = YES_ERROR;
				CLANG_WARN_UNREACHABLE_CODE = YES;
				CLANG_WARN__DUPLICATE_METHOD_MATCH = YES;
				"CODE_SIGN_IDENTITY[sdk=iphoneos*]" = "iPhone Developer";
				COPY_PHASE_STRIP = NO;
				DEBUG_INFORMATION_FORMAT = "dwarf-with-dsym";
				ENABLE_NS_ASSERTIONS = NO;
				ENABLE_STRICT_OBJC_MSGSEND = YES;
				GCC_C_LANGUAGE_STANDARD = gnu99;
				GCC_NO_COMMON_BLOCKS = YES;
				GCC_WARN_64_TO_32_BIT_CONVERSION = YES;
				GCC_WARN_ABOUT_RETURN_TYPE = YES_ERROR;
				GCC_WARN_UNDECLARED_SELECTOR = YES;
				GCC_WARN_UNINITIALIZED_AUTOS = YES_AGGRESSIVE;
				GCC_WARN_UNUSED_FUNCTION = YES;
				GCC_WARN_UNUSED_VARIABLE = YES;
				IPHONEOS_DEPLOYMENT_TARGET = 9.2;
				MTL_ENABLE_DEBUG_INFO = NO;
				SDKROOT = iphoneos;
				VALIDATE_PRODUCT = YES;
			};
			name = Release;
		};
		BEB0B2211C62F9D400564E05 /* Debug */ = {
			isa = XCBuildConfiguration;
			buildSettings = {
				ASSETCATALOG_COMPILER_APPICON_NAME = AppIcon;
				INFOPLIST_FILE = iOS4Midterm/Info.plist;
				LD_RUNPATH_SEARCH_PATHS = "$(inherited) @executable_path/Frameworks";
				PRODUCT_BUNDLE_IDENTIFIER = JSN.iOS4Midterm;
				PRODUCT_NAME = "$(TARGET_NAME)";
			};
			name = Debug;
		};
		BEB0B2221C62F9D400564E05 /* Release */ = {
			isa = XCBuildConfiguration;
			buildSettings = {
				ASSETCATALOG_COMPILER_APPICON_NAME = AppIcon;
				INFOPLIST_FILE = iOS4Midterm/Info.plist;
				LD_RUNPATH_SEARCH_PATHS = "$(inherited) @executable_path/Frameworks";
				PRODUCT_BUNDLE_IDENTIFIER = JSN.iOS4Midterm;
				PRODUCT_NAME = "$(TARGET_NAME)";
			};
			name = Release;
		};
/* End XCBuildConfiguration section */

/* Begin XCConfigurationList section */
		BEB0B2091C62F9D400564E05 /* Build configuration list for PBXProject "iOS4Midterm" */ = {
			isa = XCConfigurationList;
			buildConfigurations = (
				BEB0B21E1C62F9D400564E05 /* Debug */,
				BEB0B21F1C62F9D400564E05 /* Release */,
			);
			defaultConfigurationIsVisible = 0;
			defaultConfigurationName = Release;
		};
		BEB0B2201C62F9D400564E05 /* Build configuration list for PBXNativeTarget "iOS4Midterm" */ = {
			isa = XCConfigurationList;
			buildConfigurations = (
				BEB0B2211C62F9D400564E05 /* Debug */,
				BEB0B2221C62F9D400564E05 /* Release */,
			);
			defaultConfigurationIsVisible = 0;
		};
/* End XCConfigurationList section */
	};
	rootObject = BEB0B2061C62F9D400564E05 /* Project object */;
}
